// !$*UTF8*$!
{
	archiveVersion = 1;
	classes = {
	};
	objectVersion = 56;
	objects = {

/* Begin PBXBuildFile section */
		DF2C8355291E989F00634D58 /* OAuth2PKCESession.swift in Sources */ = {isa = PBXBuildFile; fileRef = DF2C8354291E989F00634D58 /* OAuth2PKCESession.swift */; };
		DF40B3A028FC663F00F754AD /* TabIndicatorView.swift in Sources */ = {isa = PBXBuildFile; fileRef = DF40B39F28FC663F00F754AD /* TabIndicatorView.swift */; };
		DF40B3A228FD4B2F00F754AD /* SupertabLogo.swift in Sources */ = {isa = PBXBuildFile; fileRef = DF40B3A128FD4B2F00F754AD /* SupertabLogo.swift */; };
		DF6117F429059A19000614FF /* PayPerGameView.swift in Sources */ = {isa = PBXBuildFile; fileRef = DF6117F329059A19000614FF /* PayPerGameView.swift */; };
		DF6117F629059E58000614FF /* PayForAccessView.swift in Sources */ = {isa = PBXBuildFile; fileRef = DF6117F529059E58000614FF /* PayForAccessView.swift */; };
		DF66B0A828FDB98F00ABAC6C /* ApplePayButton.swift in Sources */ = {isa = PBXBuildFile; fileRef = DF66B0A728FDB98F00ABAC6C /* ApplePayButton.swift */; };
		DF66B0AB28FEA79000ABAC6C /* TapperClientMachine.swift in Sources */ = {isa = PBXBuildFile; fileRef = DF66B0AA28FEA79000ABAC6C /* TapperClientMachine.swift */; };
		DF91C97A29658AD800B389E1 /* OfferingsList.swift in Sources */ = {isa = PBXBuildFile; fileRef = DF91C97929658AD800B389E1 /* OfferingsList.swift */; };
		DF91C97C2965BAC100B389E1 /* PurchaseViewWrapper.swift in Sources */ = {isa = PBXBuildFile; fileRef = DF91C97B2965BAC100B389E1 /* PurchaseViewWrapper.swift */; };
		DFC9FAEB28F704B400CBDFA7 /* Supertab_POCApp.swift in Sources */ = {isa = PBXBuildFile; fileRef = DFC9FAEA28F704B400CBDFA7 /* Supertab_POCApp.swift */; };
		DFC9FAED28F704B400CBDFA7 /* ContentView.swift in Sources */ = {isa = PBXBuildFile; fileRef = DFC9FAEC28F704B400CBDFA7 /* ContentView.swift */; };
		DFC9FAEF28F704B500CBDFA7 /* Assets.xcassets in Resources */ = {isa = PBXBuildFile; fileRef = DFC9FAEE28F704B500CBDFA7 /* Assets.xcassets */; };
		DFC9FAF228F704B500CBDFA7 /* Preview Assets.xcassets in Resources */ = {isa = PBXBuildFile; fileRef = DFC9FAF128F704B500CBDFA7 /* Preview Assets.xcassets */; };
		DFD9801A28F95F4400A58D6E /* MemoryGameCardMachine.swift in Sources */ = {isa = PBXBuildFile; fileRef = DFD9801928F95F4400A58D6E /* MemoryGameCardMachine.swift */; };
		DFD9801C28F965E400A58D6E /* MemoryGameMachine.swift in Sources */ = {isa = PBXBuildFile; fileRef = DFD9801B28F965E400A58D6E /* MemoryGameMachine.swift */; };
		DFD9801E28F98DBC00A58D6E /* MemoryGameCardView.swift in Sources */ = {isa = PBXBuildFile; fileRef = DFD9801D28F98DBC00A58D6E /* MemoryGameCardView.swift */; };
		DFD9802028F9913200A58D6E /* MemoryGameView.swift in Sources */ = {isa = PBXBuildFile; fileRef = DFD9801F28F9913200A58D6E /* MemoryGameView.swift */; };
		DFD9802428FC566600A58D6E /* PurchaseView.swift in Sources */ = {isa = PBXBuildFile; fileRef = DFD9802328FC566600A58D6E /* PurchaseView.swift */; };
		DFF0382C2901ADC300C8BD0A /* Stripe in Frameworks */ = {isa = PBXBuildFile; productRef = DFF0382B2901ADC300C8BD0A /* Stripe */; };
		DFF0382E2901ADD300C8BD0A /* StripeApplePayModel.swift in Sources */ = {isa = PBXBuildFile; fileRef = DFF0382D2901ADD300C8BD0A /* StripeApplePayModel.swift */; };
		DFF6664E291FEAA700D44BED /* Supertab_POC_Tests.swift in Sources */ = {isa = PBXBuildFile; fileRef = DFF6664D291FEAA700D44BED /* Supertab_POC_Tests.swift */; };
		DFF66657291FF8FD00D44BED /* URLEncoder.swift in Sources */ = {isa = PBXBuildFile; fileRef = DFF66656291FF8FD00D44BED /* URLEncoder.swift */; };
		DFF66659292141DD00D44BED /* TapperClient.swift in Sources */ = {isa = PBXBuildFile; fileRef = DFF66658292141DD00D44BED /* TapperClient.swift */; };
		DFF6665B2921499B00D44BED /* Schema.swift in Sources */ = {isa = PBXBuildFile; fileRef = DFF6665A2921499B00D44BED /* Schema.swift */; };
		DFF6665D2921912900D44BED /* DateFormatter.swift in Sources */ = {isa = PBXBuildFile; fileRef = DFF6665C2921912900D44BED /* DateFormatter.swift */; };
/* End PBXBuildFile section */

/* Begin PBXContainerItemProxy section */
		DFF6664F291FEAA700D44BED /* PBXContainerItemProxy */ = {
			isa = PBXContainerItemProxy;
			containerPortal = DFC9FADF28F704B400CBDFA7 /* Project object */;
			proxyType = 1;
			remoteGlobalIDString = DFC9FAE628F704B400CBDFA7;
			remoteInfo = "Supertab POC";
		};
/* End PBXContainerItemProxy section */

/* Begin PBXFileReference section */
		DF2C8353291E96CF00634D58 /* Supertab-POC-Info.plist */ = {isa = PBXFileReference; lastKnownFileType = text.plist; path = "Supertab-POC-Info.plist"; sourceTree = SOURCE_ROOT; };
		DF2C8354291E989F00634D58 /* OAuth2PKCESession.swift */ = {isa = PBXFileReference; lastKnownFileType = sourcecode.swift; path = OAuth2PKCESession.swift; sourceTree = "<group>"; };
		DF40B39F28FC663F00F754AD /* TabIndicatorView.swift */ = {isa = PBXFileReference; lastKnownFileType = sourcecode.swift; path = TabIndicatorView.swift; sourceTree = "<group>"; };
		DF40B3A128FD4B2F00F754AD /* SupertabLogo.swift */ = {isa = PBXFileReference; lastKnownFileType = sourcecode.swift; path = SupertabLogo.swift; sourceTree = "<group>"; };
		DF6117F329059A19000614FF /* PayPerGameView.swift */ = {isa = PBXFileReference; lastKnownFileType = sourcecode.swift; path = PayPerGameView.swift; sourceTree = "<group>"; };
		DF6117F529059E58000614FF /* PayForAccessView.swift */ = {isa = PBXFileReference; lastKnownFileType = sourcecode.swift; path = PayForAccessView.swift; sourceTree = "<group>"; };
		DF66B0A728FDB98F00ABAC6C /* ApplePayButton.swift */ = {isa = PBXFileReference; lastKnownFileType = sourcecode.swift; path = ApplePayButton.swift; sourceTree = "<group>"; };
		DF66B0AA28FEA79000ABAC6C /* TapperClientMachine.swift */ = {isa = PBXFileReference; lastKnownFileType = sourcecode.swift; path = TapperClientMachine.swift; sourceTree = "<group>"; };
		DF91C97929658AD800B389E1 /* OfferingsList.swift */ = {isa = PBXFileReference; lastKnownFileType = sourcecode.swift; path = OfferingsList.swift; sourceTree = "<group>"; };
		DF91C97B2965BAC100B389E1 /* PurchaseViewWrapper.swift */ = {isa = PBXFileReference; lastKnownFileType = sourcecode.swift; path = PurchaseViewWrapper.swift; sourceTree = "<group>"; };
		DFC9FAE728F704B400CBDFA7 /* Supertab POC.app */ = {isa = PBXFileReference; explicitFileType = wrapper.application; includeInIndex = 0; path = "Supertab POC.app"; sourceTree = BUILT_PRODUCTS_DIR; };
		DFC9FAEA28F704B400CBDFA7 /* Supertab_POCApp.swift */ = {isa = PBXFileReference; lastKnownFileType = sourcecode.swift; path = Supertab_POCApp.swift; sourceTree = "<group>"; };
		DFC9FAEC28F704B400CBDFA7 /* ContentView.swift */ = {isa = PBXFileReference; lastKnownFileType = sourcecode.swift; path = ContentView.swift; sourceTree = "<group>"; };
		DFC9FAEE28F704B500CBDFA7 /* Assets.xcassets */ = {isa = PBXFileReference; lastKnownFileType = folder.assetcatalog; path = Assets.xcassets; sourceTree = "<group>"; };
		DFC9FAF128F704B500CBDFA7 /* Preview Assets.xcassets */ = {isa = PBXFileReference; lastKnownFileType = folder.assetcatalog; path = "Preview Assets.xcassets"; sourceTree = "<group>"; };
		DFD9801928F95F4400A58D6E /* MemoryGameCardMachine.swift */ = {isa = PBXFileReference; lastKnownFileType = sourcecode.swift; path = MemoryGameCardMachine.swift; sourceTree = "<group>"; };
		DFD9801B28F965E400A58D6E /* MemoryGameMachine.swift */ = {isa = PBXFileReference; lastKnownFileType = sourcecode.swift; path = MemoryGameMachine.swift; sourceTree = "<group>"; };
		DFD9801D28F98DBC00A58D6E /* MemoryGameCardView.swift */ = {isa = PBXFileReference; lastKnownFileType = sourcecode.swift; path = MemoryGameCardView.swift; sourceTree = "<group>"; };
		DFD9801F28F9913200A58D6E /* MemoryGameView.swift */ = {isa = PBXFileReference; lastKnownFileType = sourcecode.swift; path = MemoryGameView.swift; sourceTree = "<group>"; };
		DFD9802328FC566600A58D6E /* PurchaseView.swift */ = {isa = PBXFileReference; lastKnownFileType = sourcecode.swift; path = PurchaseView.swift; sourceTree = "<group>"; };
		DFF0382D2901ADD300C8BD0A /* StripeApplePayModel.swift */ = {isa = PBXFileReference; lastKnownFileType = sourcecode.swift; path = StripeApplePayModel.swift; sourceTree = "<group>"; };
		DFF0382F2901B33B00C8BD0A /* Supertab POC.entitlements */ = {isa = PBXFileReference; lastKnownFileType = text.plist.entitlements; path = "Supertab POC.entitlements"; sourceTree = "<group>"; };
		DFF6664B291FEAA700D44BED /* Supertab POC Tests.xctest */ = {isa = PBXFileReference; explicitFileType = wrapper.cfbundle; includeInIndex = 0; path = "Supertab POC Tests.xctest"; sourceTree = BUILT_PRODUCTS_DIR; };
		DFF6664D291FEAA700D44BED /* Supertab_POC_Tests.swift */ = {isa = PBXFileReference; lastKnownFileType = sourcecode.swift; path = Supertab_POC_Tests.swift; sourceTree = "<group>"; };
		DFF66656291FF8FD00D44BED /* URLEncoder.swift */ = {isa = PBXFileReference; lastKnownFileType = sourcecode.swift; path = URLEncoder.swift; sourceTree = "<group>"; };
		DFF66658292141DD00D44BED /* TapperClient.swift */ = {isa = PBXFileReference; lastKnownFileType = sourcecode.swift; path = TapperClient.swift; sourceTree = "<group>"; };
		DFF6665A2921499B00D44BED /* Schema.swift */ = {isa = PBXFileReference; lastKnownFileType = sourcecode.swift; path = Schema.swift; sourceTree = "<group>"; };
		DFF6665C2921912900D44BED /* DateFormatter.swift */ = {isa = PBXFileReference; lastKnownFileType = sourcecode.swift; path = DateFormatter.swift; sourceTree = "<group>"; };
/* End PBXFileReference section */

/* Begin PBXFrameworksBuildPhase section */
		DFC9FAE428F704B400CBDFA7 /* Frameworks */ = {
			isa = PBXFrameworksBuildPhase;
			buildActionMask = 2147483647;
			files = (
				DFF0382C2901ADC300C8BD0A /* Stripe in Frameworks */,
			);
			runOnlyForDeploymentPostprocessing = 0;
		};
		DFF66648291FEAA700D44BED /* Frameworks */ = {
			isa = PBXFrameworksBuildPhase;
			buildActionMask = 2147483647;
			files = (
			);
			runOnlyForDeploymentPostprocessing = 0;
		};
/* End PBXFrameworksBuildPhase section */

/* Begin PBXGroup section */
		DF40B3A328FD4BF800F754AD /* Shared */ = {
			isa = PBXGroup;
			children = (
				DF40B39F28FC663F00F754AD /* TabIndicatorView.swift */,
				DF40B3A128FD4B2F00F754AD /* SupertabLogo.swift */,
				DF66B0A728FDB98F00ABAC6C /* ApplePayButton.swift */,
			);
			path = Shared;
			sourceTree = "<group>";
		};
		DF6117F2290599F9000614FF /* Scenarios */ = {
			isa = PBXGroup;
			children = (
				DF6117F329059A19000614FF /* PayPerGameView.swift */,
				DF6117F529059E58000614FF /* PayForAccessView.swift */,
			);
			path = Scenarios;
			sourceTree = "<group>";
		};
		DF66B0A928FEA76400ABAC6C /* TapperClient */ = {
			isa = PBXGroup;
			children = (
				DFF6665C2921912900D44BED /* DateFormatter.swift */,
				DF2C8354291E989F00634D58 /* OAuth2PKCESession.swift */,
				DFF6665A2921499B00D44BED /* Schema.swift */,
				DFF0382D2901ADD300C8BD0A /* StripeApplePayModel.swift */,
				DFF66658292141DD00D44BED /* TapperClient.swift */,
				DF66B0AA28FEA79000ABAC6C /* TapperClientMachine.swift */,
				DFF66656291FF8FD00D44BED /* URLEncoder.swift */,
			);
			path = TapperClient;
			sourceTree = "<group>";
		};
		DFC9FADE28F704B400CBDFA7 = {
			isa = PBXGroup;
			children = (
				DFC9FAE828F704B400CBDFA7 /* Products */,
				DFC9FAE928F704B400CBDFA7 /* Supertab POC */,
				DFF6664C291FEAA700D44BED /* Supertab POC Tests */,
			);
			sourceTree = "<group>";
		};
		DFC9FAE828F704B400CBDFA7 /* Products */ = {
			isa = PBXGroup;
			children = (
				DFC9FAE728F704B400CBDFA7 /* Supertab POC.app */,
				DFF6664B291FEAA700D44BED /* Supertab POC Tests.xctest */,
			);
			name = Products;
			sourceTree = "<group>";
		};
		DFC9FAE928F704B400CBDFA7 /* Supertab POC */ = {
			isa = PBXGroup;
			children = (
				DF2C8353291E96CF00634D58 /* Supertab-POC-Info.plist */,
				DFC9FAEE28F704B500CBDFA7 /* Assets.xcassets */,
				DFC9FAEC28F704B400CBDFA7 /* ContentView.swift */,
				DFD9802128FC0FBF00A58D6E /* MemoryGame */,
				DF6117F2290599F9000614FF /* Scenarios */,
				DFC9FAF028F704B500CBDFA7 /* Preview Content */,
				DFD9802228FC560E00A58D6E /* Purchase */,
				DF40B3A328FD4BF800F754AD /* Shared */,
				DFF0382F2901B33B00C8BD0A /* Supertab POC.entitlements */,
				DFC9FAEA28F704B400CBDFA7 /* Supertab_POCApp.swift */,
				DF66B0A928FEA76400ABAC6C /* TapperClient */,
			);
			path = "Supertab POC";
			sourceTree = "<group>";
		};
		DFC9FAF028F704B500CBDFA7 /* Preview Content */ = {
			isa = PBXGroup;
			children = (
				DFC9FAF128F704B500CBDFA7 /* Preview Assets.xcassets */,
			);
			path = "Preview Content";
			sourceTree = "<group>";
		};
		DFD9802128FC0FBF00A58D6E /* MemoryGame */ = {
			isa = PBXGroup;
			children = (
				DFD9801B28F965E400A58D6E /* MemoryGameMachine.swift */,
				DFD9801F28F9913200A58D6E /* MemoryGameView.swift */,
				DFD9801928F95F4400A58D6E /* MemoryGameCardMachine.swift */,
				DFD9801D28F98DBC00A58D6E /* MemoryGameCardView.swift */,
			);
			path = MemoryGame;
			sourceTree = "<group>";
		};
		DFD9802228FC560E00A58D6E /* Purchase */ = {
			isa = PBXGroup;
			children = (
				DFD9802328FC566600A58D6E /* PurchaseView.swift */,
				DF91C97929658AD800B389E1 /* OfferingsList.swift */,
				DF91C97B2965BAC100B389E1 /* PurchaseViewWrapper.swift */,
			);
			path = Purchase;
			sourceTree = "<group>";
		};
		DFF6664C291FEAA700D44BED /* Supertab POC Tests */ = {
			isa = PBXGroup;
			children = (
				DFF6664D291FEAA700D44BED /* Supertab_POC_Tests.swift */,
			);
			path = "Supertab POC Tests";
			sourceTree = "<group>";
		};
/* End PBXGroup section */

/* Begin PBXNativeTarget section */
		DFC9FAE628F704B400CBDFA7 /* Supertab POC */ = {
			isa = PBXNativeTarget;
			buildConfigurationList = DFC9FAF528F704B500CBDFA7 /* Build configuration list for PBXNativeTarget "Supertab POC" */;
			buildPhases = (
				DFC9FAE328F704B400CBDFA7 /* Sources */,
				DFC9FAE428F704B400CBDFA7 /* Frameworks */,
				DFC9FAE528F704B400CBDFA7 /* Resources */,
			);
			buildRules = (
			);
			dependencies = (
			);
			name = "Supertab POC";
			packageProductDependencies = (
				DFF0382B2901ADC300C8BD0A /* Stripe */,
			);
			productName = "Supertab POC";
			productReference = DFC9FAE728F704B400CBDFA7 /* Supertab POC.app */;
			productType = "com.apple.product-type.application";
		};
		DFF6664A291FEAA700D44BED /* Supertab POC Tests */ = {
			isa = PBXNativeTarget;
			buildConfigurationList = DFF66653291FEAA700D44BED /* Build configuration list for PBXNativeTarget "Supertab POC Tests" */;
			buildPhases = (
				DFF66647291FEAA700D44BED /* Sources */,
				DFF66648291FEAA700D44BED /* Frameworks */,
				DFF66649291FEAA700D44BED /* Resources */,
			);
			buildRules = (
			);
			dependencies = (
				DFF66650291FEAA700D44BED /* PBXTargetDependency */,
			);
			name = "Supertab POC Tests";
			productName = "Supertab POC Tests";
			productReference = DFF6664B291FEAA700D44BED /* Supertab POC Tests.xctest */;
			productType = "com.apple.product-type.bundle.unit-test";
		};
/* End PBXNativeTarget section */

/* Begin PBXProject section */
		DFC9FADF28F704B400CBDFA7 /* Project object */ = {
			isa = PBXProject;
			attributes = {
				BuildIndependentTargetsInParallel = 1;
				LastSwiftUpdateCheck = 1410;
				LastUpgradeCheck = 1400;
				TargetAttributes = {
					DFC9FAE628F704B400CBDFA7 = {
						CreatedOnToolsVersion = 14.0.1;
					};
					DFF6664A291FEAA700D44BED = {
						CreatedOnToolsVersion = 14.1;
						TestTargetID = DFC9FAE628F704B400CBDFA7;
					};
				};
			};
			buildConfigurationList = DFC9FAE228F704B400CBDFA7 /* Build configuration list for PBXProject "Supertab POC" */;
			compatibilityVersion = "Xcode 14.0";
			developmentRegion = en;
			hasScannedForEncodings = 0;
			knownRegions = (
				en,
				Base,
			);
			mainGroup = DFC9FADE28F704B400CBDFA7;
			packageReferences = (
				DFF0382A2901ADC300C8BD0A /* XCRemoteSwiftPackageReference "stripe-ios" */,
			);
			productRefGroup = DFC9FAE828F704B400CBDFA7 /* Products */;
			projectDirPath = "";
			projectRoot = "";
			targets = (
				DFC9FAE628F704B400CBDFA7 /* Supertab POC */,
				DFF6664A291FEAA700D44BED /* Supertab POC Tests */,
			);
		};
/* End PBXProject section */

/* Begin PBXResourcesBuildPhase section */
		DFC9FAE528F704B400CBDFA7 /* Resources */ = {
			isa = PBXResourcesBuildPhase;
			buildActionMask = 2147483647;
			files = (
				DFC9FAF228F704B500CBDFA7 /* Preview Assets.xcassets in Resources */,
				DFC9FAEF28F704B500CBDFA7 /* Assets.xcassets in Resources */,
			);
			runOnlyForDeploymentPostprocessing = 0;
		};
		DFF66649291FEAA700D44BED /* Resources */ = {
			isa = PBXResourcesBuildPhase;
			buildActionMask = 2147483647;
			files = (
			);
			runOnlyForDeploymentPostprocessing = 0;
		};
/* End PBXResourcesBuildPhase section */

/* Begin PBXSourcesBuildPhase section */
		DFC9FAE328F704B400CBDFA7 /* Sources */ = {
			isa = PBXSourcesBuildPhase;
			buildActionMask = 2147483647;
			files = (
				DFF6665B2921499B00D44BED /* Schema.swift in Sources */,
				DFF6665D2921912900D44BED /* DateFormatter.swift in Sources */,
				DF40B3A028FC663F00F754AD /* TabIndicatorView.swift in Sources */,
				DFF66659292141DD00D44BED /* TapperClient.swift in Sources */,
				DFD9802428FC566600A58D6E /* PurchaseView.swift in Sources */,
				DFD9801C28F965E400A58D6E /* MemoryGameMachine.swift in Sources */,
				DF66B0A828FDB98F00ABAC6C /* ApplePayButton.swift in Sources */,
				DF6117F629059E58000614FF /* PayForAccessView.swift in Sources */,
				DFF0382E2901ADD300C8BD0A /* StripeApplePayModel.swift in Sources */,
				DF40B3A228FD4B2F00F754AD /* SupertabLogo.swift in Sources */,
				DFD9802028F9913200A58D6E /* MemoryGameView.swift in Sources */,
				DF91C97C2965BAC100B389E1 /* PurchaseViewWrapper.swift in Sources */,
				DFC9FAED28F704B400CBDFA7 /* ContentView.swift in Sources */,
				DF2C8355291E989F00634D58 /* OAuth2PKCESession.swift in Sources */,
				DF6117F429059A19000614FF /* PayPerGameView.swift in Sources */,
				DFC9FAEB28F704B400CBDFA7 /* Supertab_POCApp.swift in Sources */,
				DFD9801A28F95F4400A58D6E /* MemoryGameCardMachine.swift in Sources */,
				DF66B0AB28FEA79000ABAC6C /* TapperClientMachine.swift in Sources */,
				DF91C97A29658AD800B389E1 /* OfferingsList.swift in Sources */,
				DFF66657291FF8FD00D44BED /* URLEncoder.swift in Sources */,
				DFD9801E28F98DBC00A58D6E /* MemoryGameCardView.swift in Sources */,
			);
			runOnlyForDeploymentPostprocessing = 0;
		};
		DFF66647291FEAA700D44BED /* Sources */ = {
			isa = PBXSourcesBuildPhase;
			buildActionMask = 2147483647;
			files = (
				DFF6664E291FEAA700D44BED /* Supertab_POC_Tests.swift in Sources */,
			);
			runOnlyForDeploymentPostprocessing = 0;
		};
/* End PBXSourcesBuildPhase section */

/* Begin PBXTargetDependency section */
		DFF66650291FEAA700D44BED /* PBXTargetDependency */ = {
			isa = PBXTargetDependency;
			target = DFC9FAE628F704B400CBDFA7 /* Supertab POC */;
			targetProxy = DFF6664F291FEAA700D44BED /* PBXContainerItemProxy */;
		};
/* End PBXTargetDependency section */

/* Begin XCBuildConfiguration section */
		DFC9FAF328F704B500CBDFA7 /* Debug */ = {
			isa = XCBuildConfiguration;
			buildSettings = {
				ALWAYS_SEARCH_USER_PATHS = NO;
				CLANG_ANALYZER_NONNULL = YES;
				CLANG_ANALYZER_NUMBER_OBJECT_CONVERSION = YES_AGGRESSIVE;
				CLANG_CXX_LANGUAGE_STANDARD = "gnu++20";
				CLANG_ENABLE_MODULES = YES;
				CLANG_ENABLE_OBJC_ARC = YES;
				CLANG_ENABLE_OBJC_WEAK = YES;
				CLANG_WARN_BLOCK_CAPTURE_AUTORELEASING = YES;
				CLANG_WARN_BOOL_CONVERSION = YES;
				CLANG_WARN_COMMA = YES;
				CLANG_WARN_CONSTANT_CONVERSION = YES;
				CLANG_WARN_DEPRECATED_OBJC_IMPLEMENTATIONS = YES;
				CLANG_WARN_DIRECT_OBJC_ISA_USAGE = YES_ERROR;
				CLANG_WARN_DOCUMENTATION_COMMENTS = YES;
				CLANG_WARN_EMPTY_BODY = YES;
				CLANG_WARN_ENUM_CONVERSION = YES;
				CLANG_WARN_INFINITE_RECURSION = YES;
				CLANG_WARN_INT_CONVERSION = YES;
				CLANG_WARN_NON_LITERAL_NULL_CONVERSION = YES;
				CLANG_WARN_OBJC_IMPLICIT_RETAIN_SELF = YES;
				CLANG_WARN_OBJC_LITERAL_CONVERSION = YES;
				CLANG_WARN_OBJC_ROOT_CLASS = YES_ERROR;
				CLANG_WARN_QUOTED_INCLUDE_IN_FRAMEWORK_HEADER = YES;
				CLANG_WARN_RANGE_LOOP_ANALYSIS = YES;
				CLANG_WARN_STRICT_PROTOTYPES = YES;
				CLANG_WARN_SUSPICIOUS_MOVE = YES;
				CLANG_WARN_UNGUARDED_AVAILABILITY = YES_AGGRESSIVE;
				CLANG_WARN_UNREACHABLE_CODE = YES;
				CLANG_WARN__DUPLICATE_METHOD_MATCH = YES;
				COPY_PHASE_STRIP = NO;
				DEBUG_INFORMATION_FORMAT = dwarf;
				ENABLE_STRICT_OBJC_MSGSEND = YES;
				ENABLE_TESTABILITY = YES;
				GCC_C_LANGUAGE_STANDARD = gnu11;
				GCC_DYNAMIC_NO_PIC = NO;
				GCC_NO_COMMON_BLOCKS = YES;
				GCC_OPTIMIZATION_LEVEL = 0;
				GCC_PREPROCESSOR_DEFINITIONS = (
					"DEBUG=1",
					"$(inherited)",
				);
				GCC_WARN_64_TO_32_BIT_CONVERSION = YES;
				GCC_WARN_ABOUT_RETURN_TYPE = YES_ERROR;
				GCC_WARN_UNDECLARED_SELECTOR = YES;
				GCC_WARN_UNINITIALIZED_AUTOS = YES_AGGRESSIVE;
				GCC_WARN_UNUSED_FUNCTION = YES;
				GCC_WARN_UNUSED_VARIABLE = YES;
				IPHONEOS_DEPLOYMENT_TARGET = 16.0;
				MTL_ENABLE_DEBUG_INFO = INCLUDE_SOURCE;
				MTL_FAST_MATH = YES;
				ONLY_ACTIVE_ARCH = YES;
				SDKROOT = iphoneos;
				SWIFT_ACTIVE_COMPILATION_CONDITIONS = DEBUG;
				SWIFT_OPTIMIZATION_LEVEL = "-Onone";
			};
			name = Debug;
		};
		DFC9FAF428F704B500CBDFA7 /* Release */ = {
			isa = XCBuildConfiguration;
			buildSettings = {
				ALWAYS_SEARCH_USER_PATHS = NO;
				CLANG_ANALYZER_NONNULL = YES;
				CLANG_ANALYZER_NUMBER_OBJECT_CONVERSION = YES_AGGRESSIVE;
				CLANG_CXX_LANGUAGE_STANDARD = "gnu++20";
				CLANG_ENABLE_MODULES = YES;
				CLANG_ENABLE_OBJC_ARC = YES;
				CLANG_ENABLE_OBJC_WEAK = YES;
				CLANG_WARN_BLOCK_CAPTURE_AUTORELEASING = YES;
				CLANG_WARN_BOOL_CONVERSION = YES;
				CLANG_WARN_COMMA = YES;
				CLANG_WARN_CONSTANT_CONVERSION = YES;
				CLANG_WARN_DEPRECATED_OBJC_IMPLEMENTATIONS = YES;
				CLANG_WARN_DIRECT_OBJC_ISA_USAGE = YES_ERROR;
				CLANG_WARN_DOCUMENTATION_COMMENTS = YES;
				CLANG_WARN_EMPTY_BODY = YES;
				CLANG_WARN_ENUM_CONVERSION = YES;
				CLANG_WARN_INFINITE_RECURSION = YES;
				CLANG_WARN_INT_CONVERSION = YES;
				CLANG_WARN_NON_LITERAL_NULL_CONVERSION = YES;
				CLANG_WARN_OBJC_IMPLICIT_RETAIN_SELF = YES;
				CLANG_WARN_OBJC_LITERAL_CONVERSION = YES;
				CLANG_WARN_OBJC_ROOT_CLASS = YES_ERROR;
				CLANG_WARN_QUOTED_INCLUDE_IN_FRAMEWORK_HEADER = YES;
				CLANG_WARN_RANGE_LOOP_ANALYSIS = YES;
				CLANG_WARN_STRICT_PROTOTYPES = YES;
				CLANG_WARN_SUSPICIOUS_MOVE = YES;
				CLANG_WARN_UNGUARDED_AVAILABILITY = YES_AGGRESSIVE;
				CLANG_WARN_UNREACHABLE_CODE = YES;
				CLANG_WARN__DUPLICATE_METHOD_MATCH = YES;
				COPY_PHASE_STRIP = NO;
				DEBUG_INFORMATION_FORMAT = "dwarf-with-dsym";
				ENABLE_NS_ASSERTIONS = NO;
				ENABLE_STRICT_OBJC_MSGSEND = YES;
				GCC_C_LANGUAGE_STANDARD = gnu11;
				GCC_NO_COMMON_BLOCKS = YES;
				GCC_WARN_64_TO_32_BIT_CONVERSION = YES;
				GCC_WARN_ABOUT_RETURN_TYPE = YES_ERROR;
				GCC_WARN_UNDECLARED_SELECTOR = YES;
				GCC_WARN_UNINITIALIZED_AUTOS = YES_AGGRESSIVE;
				GCC_WARN_UNUSED_FUNCTION = YES;
				GCC_WARN_UNUSED_VARIABLE = YES;
				IPHONEOS_DEPLOYMENT_TARGET = 16.0;
				MTL_ENABLE_DEBUG_INFO = NO;
				MTL_FAST_MATH = YES;
				SDKROOT = iphoneos;
				SWIFT_COMPILATION_MODE = wholemodule;
				SWIFT_OPTIMIZATION_LEVEL = "-O";
				VALIDATE_PRODUCT = YES;
			};
			name = Release;
		};
		DFC9FAF628F704B500CBDFA7 /* Debug */ = {
			isa = XCBuildConfiguration;
			buildSettings = {
				ASSETCATALOG_COMPILER_APPICON_NAME = AppIcon;
				ASSETCATALOG_COMPILER_GLOBAL_ACCENT_COLOR_NAME = AccentColor;
				CODE_SIGN_ENTITLEMENTS = "Supertab POC/Supertab POC.entitlements";
				CODE_SIGN_STYLE = Automatic;
				CURRENT_PROJECT_VERSION = 5;
				DEVELOPMENT_ASSET_PATHS = "\"Supertab POC/Preview Content\"";
				DEVELOPMENT_TEAM = 7BWNGT6G56;
				ENABLE_PREVIEWS = YES;
				GENERATE_INFOPLIST_FILE = YES;
				INFOPLIST_FILE = "Supertab-POC-Info.plist";
				INFOPLIST_KEY_NSCameraUsageDescription = "To scan your card";
				INFOPLIST_KEY_UIApplicationSceneManifest_Generation = YES;
				INFOPLIST_KEY_UIApplicationSupportsIndirectInputEvents = YES;
				INFOPLIST_KEY_UILaunchScreen_Generation = YES;
				INFOPLIST_KEY_UISupportedInterfaceOrientations_iPhone = UIInterfaceOrientationPortrait;
				LD_RUNPATH_SEARCH_PATHS = (
					"$(inherited)",
					"@executable_path/Frameworks",
				);
				MARKETING_VERSION = 1.0;
				PRODUCT_BUNDLE_IDENTIFIER = "jmcoding.Supertab-POC";
				PRODUCT_NAME = "$(TARGET_NAME)";
				SUPPORTED_PLATFORMS = "iphoneos iphonesimulator";
				SUPPORTS_MACCATALYST = NO;
				SUPPORTS_MAC_DESIGNED_FOR_IPHONE_IPAD = YES;
				SWIFT_EMIT_LOC_STRINGS = YES;
				SWIFT_VERSION = 5.0;
				TARGETED_DEVICE_FAMILY = 1;
			};
			name = Debug;
		};
		DFC9FAF728F704B500CBDFA7 /* Release */ = {
			isa = XCBuildConfiguration;
			buildSettings = {
				ASSETCATALOG_COMPILER_APPICON_NAME = AppIcon;
				ASSETCATALOG_COMPILER_GLOBAL_ACCENT_COLOR_NAME = AccentColor;
				CODE_SIGN_ENTITLEMENTS = "Supertab POC/Supertab POC.entitlements";
				CODE_SIGN_STYLE = Automatic;
				CURRENT_PROJECT_VERSION = 5;
				DEVELOPMENT_ASSET_PATHS = "\"Supertab POC/Preview Content\"";
				DEVELOPMENT_TEAM = 7BWNGT6G56;
				ENABLE_PREVIEWS = YES;
				GENERATE_INFOPLIST_FILE = YES;
				INFOPLIST_FILE = "Supertab-POC-Info.plist";
				INFOPLIST_KEY_NSCameraUsageDescription = "To scan your card";
				INFOPLIST_KEY_UIApplicationSceneManifest_Generation = YES;
				INFOPLIST_KEY_UIApplicationSupportsIndirectInputEvents = YES;
				INFOPLIST_KEY_UILaunchScreen_Generation = YES;
				INFOPLIST_KEY_UISupportedInterfaceOrientations_iPhone = UIInterfaceOrientationPortrait;
				LD_RUNPATH_SEARCH_PATHS = (
					"$(inherited)",
					"@executable_path/Frameworks",
				);
				MARKETING_VERSION = 1.0;
				PRODUCT_BUNDLE_IDENTIFIER = "jmcoding.Supertab-POC";
				PRODUCT_NAME = "$(TARGET_NAME)";
				SUPPORTED_PLATFORMS = "iphoneos iphonesimulator";
				SUPPORTS_MACCATALYST = NO;
				SUPPORTS_MAC_DESIGNED_FOR_IPHONE_IPAD = YES;
				SWIFT_EMIT_LOC_STRINGS = YES;
				SWIFT_VERSION = 5.0;
				TARGETED_DEVICE_FAMILY = 1;
			};
			name = Release;
		};
		DFF66651291FEAA700D44BED /* Debug */ = {
			isa = XCBuildConfiguration;
			buildSettings = {
				BUNDLE_LOADER = "$(TEST_HOST)";
				CODE_SIGN_STYLE = Automatic;
				CURRENT_PROJECT_VERSION = 1;
				DEVELOPMENT_TEAM = 7BWNGT6G56;
				GENERATE_INFOPLIST_FILE = YES;
				IPHONEOS_DEPLOYMENT_TARGET = 16.1;
				MARKETING_VERSION = 1.0;
				PRODUCT_BUNDLE_IDENTIFIER = "jmcoding.Supertab-POC-Tests";
				PRODUCT_NAME = "$(TARGET_NAME)";
				SWIFT_EMIT_LOC_STRINGS = NO;
				SWIFT_VERSION = 5.0;
				TARGETED_DEVICE_FAMILY = "1,2";
				TEST_HOST = "$(BUILT_PRODUCTS_DIR)/Supertab POC.app/$(BUNDLE_EXECUTABLE_FOLDER_PATH)/Supertab POC";
			};
			name = Debug;
		};
		DFF66652291FEAA700D44BED /* Release */ = {
			isa = XCBuildConfiguration;
			buildSettings = {
				BUNDLE_LOADER = "$(TEST_HOST)";
				CODE_SIGN_STYLE = Automatic;
				CURRENT_PROJECT_VERSION = 1;
				DEVELOPMENT_TEAM = 7BWNGT6G56;
				GENERATE_INFOPLIST_FILE = YES;
				IPHONEOS_DEPLOYMENT_TARGET = 16.1;
				MARKETING_VERSION = 1.0;
				PRODUCT_BUNDLE_IDENTIFIER = "jmcoding.Supertab-POC-Tests";
				PRODUCT_NAME = "$(TARGET_NAME)";
				SWIFT_EMIT_LOC_STRINGS = NO;
				SWIFT_VERSION = 5.0;
				TARGETED_DEVICE_FAMILY = "1,2";
				TEST_HOST = "$(BUILT_PRODUCTS_DIR)/Supertab POC.app/$(BUNDLE_EXECUTABLE_FOLDER_PATH)/Supertab POC";
			};
			name = Release;
		};
/* End XCBuildConfiguration section */

/* Begin XCConfigurationList section */
		DFC9FAE228F704B400CBDFA7 /* Build configuration list for PBXProject "Supertab POC" */ = {
			isa = XCConfigurationList;
			buildConfigurations = (
				DFC9FAF328F704B500CBDFA7 /* Debug */,
				DFC9FAF428F704B500CBDFA7 /* Release */,
			);
			defaultConfigurationIsVisible = 0;
			defaultConfigurationName = Release;
		};
		DFC9FAF528F704B500CBDFA7 /* Build configuration list for PBXNativeTarget "Supertab POC" */ = {
			isa = XCConfigurationList;
			buildConfigurations = (
				DFC9FAF628F704B500CBDFA7 /* Debug */,
				DFC9FAF728F704B500CBDFA7 /* Release */,
			);
			defaultConfigurationIsVisible = 0;
			defaultConfigurationName = Release;
		};
		DFF66653291FEAA700D44BED /* Build configuration list for PBXNativeTarget "Supertab POC Tests" */ = {
			isa = XCConfigurationList;
			buildConfigurations = (
				DFF66651291FEAA700D44BED /* Debug */,
				DFF66652291FEAA700D44BED /* Release */,
			);
			defaultConfigurationIsVisible = 0;
			defaultConfigurationName = Release;
		};
/* End XCConfigurationList section */

/* Begin XCRemoteSwiftPackageReference section */
		DFF0382A2901ADC300C8BD0A /* XCRemoteSwiftPackageReference "stripe-ios" */ = {
			isa = XCRemoteSwiftPackageReference;
			repositoryURL = "https://github.com/stripe/stripe-ios";
			requirement = {
				kind = upToNextMajorVersion;
				minimumVersion = 22.0.0;
			};
		};
/* End XCRemoteSwiftPackageReference section */

/* Begin XCSwiftPackageProductDependency section */
		DFF0382B2901ADC300C8BD0A /* Stripe */ = {
			isa = XCSwiftPackageProductDependency;
			package = DFF0382A2901ADC300C8BD0A /* XCRemoteSwiftPackageReference "stripe-ios" */;
			productName = Stripe;
		};
/* End XCSwiftPackageProductDependency section */
	};
	rootObject = DFC9FADF28F704B400CBDFA7 /* Project object */;
}
