{
  "pins" : [
    {
      "identity" : "stripe-ios",
      "kind" : "remoteSourceControl",
      "location" : "https://github.com/stripe/stripe-ios",
      "state" : {
        "revision" : "e242f59ce90914e93c8308e0c3ceba7368575b77",
        "version" : "22.8.4"
      }
    }
  ],
  "version" : 2
}
